{
  "name": "hello-example",
  "requires": true,
  "lockfileVersion": 1,
  "dependencies": {
    "@karcass/template-reducer": {
      "version": "0.0.21",
      "resolved": "https://registry.npmjs.org/@karcass/template-reducer/-/template-reducer-0.0.21.tgz",
      "integrity": "sha512-nTwyDteTx1/aKqqInDoC0ETgh/TucTKyTeII9c0Oit2fz4Xm+q8RmtYspEjFhzjOVTHIEzUJl0NxzWrcbBeBow=="
    }
  }
}
